
Microsoft Visual Studio Solution File, Format Version 12.00
# Visual Studio 15
VisualStudioVersion = 15.0.27703.2018
MinimumVisualStudioVersion = 10.0.40219.1
Project("{2150E333-8FDC-42A3-9474-1A3956D46DE8}") = "demo", "demo", "{AE9993CB-9EC2-424A-BE72-C37BC4C5FDF5}"
EndProject
Project("{2150E333-8FDC-42A3-9474-1A3956D46DE8}") = "AppleSystem", "AppleSystem", "{BD9CAB5D-CB0F-48D1-8C36-B208F38E64AA}"
EndProject
Project("{FAE04EC0-301F-11D3-BF4B-00C04F79EFBC}") = "AppleHost", "Demo\AppleHost\AppleHost.csproj", "{D6D828A9-9819-4CD1-ADE0-E4543D904ACC}"
EndProject
Project("{FAE04EC0-301F-11D3-BF4B-00C04F79EFBC}") = "AppleApplication", "Demo\AppleSystem\AppleApplication\AppleApplication.csproj", "{D1A654D4-E3CE-4909-82EA-92098EA09873}"
EndProject
Project("{FAE04EC0-301F-11D3-BF4B-00C04F79EFBC}") = "IAppleApplication", "Demo\AppleSystem\IAppleApplication\IAppleApplication.csproj", "{40AD38C7-E4CD-496B-94C2-26190710C4F3}"
EndProject
Project("{FAE04EC0-301F-11D3-BF4B-00C04F79EFBC}") = "AppleDomain", "Demo\AppleSystem\AppleDomain\AppleDomain.csproj", "{664F336C-7998-41DF-BA3F-DEF29DE85740}"
EndProject
Project("{FAE04EC0-301F-11D3-BF4B-00C04F79EFBC}") = "AppleRepository", "Demo\AppleSystem\AppleRepository\AppleRepository.csproj", "{12877158-2DFE-4C43-83FF-5BCE9B918119}"
EndProject
Project("{2150E333-8FDC-42A3-9474-1A3956D46DE8}") = "src", "src", "{D79CCBEE-21D2-4F3A-961D-F762E8ACC9D6}"
EndProject
Project("{FAE04EC0-301F-11D3-BF4B-00C04F79EFBC}") = "Zaaby.DDD", "src\Zaaby.DDD\Zaaby.DDD.csproj", "{20387358-5826-43C5-A1C9-7C0D2591A235}"
EndProject
Project("{FAE04EC0-301F-11D3-BF4B-00C04F79EFBC}") = "Zaaby.DDD.Abstractions", "src\Zaaby.DDD.Abstractions\Zaaby.DDD.Abstractions.csproj", "{63AEABB2-1BFD-4C7B-84C4-0D15E186B4B5}"
EndProject
Project("{FAE04EC0-301F-11D3-BF4B-00C04F79EFBC}") = "Zaaby.DDD.EventBus", "src\Zaaby.DDD.EventBus\Zaaby.DDD.EventBus.csproj", "{502AE0D4-99FB-48B4-A8B9-233D2F626D59}"
EndProject
Project("{FAE04EC0-301F-11D3-BF4B-00C04F79EFBC}") = "Zaaby.DDD.EventBus.RabbitMQ", "src\Zaaby.DDD.EventBus.RabbitMQ\Zaaby.DDD.EventBus.RabbitMQ.csproj", "{2491C15F-0813-486D-832B-CCAEFA7F6CA5}"
EndProject
Global
	GlobalSection(SolutionConfigurationPlatforms) = preSolution
		Debug|Any CPU = Debug|Any CPU
		Release|Any CPU = Release|Any CPU
	EndGlobalSection
	GlobalSection(ProjectConfigurationPlatforms) = postSolution
		{D6D828A9-9819-4CD1-ADE0-E4543D904ACC}.Debug|Any CPU.ActiveCfg = Debug|Any CPU
		{D6D828A9-9819-4CD1-ADE0-E4543D904ACC}.Debug|Any CPU.Build.0 = Debug|Any CPU
		{D6D828A9-9819-4CD1-ADE0-E4543D904ACC}.Release|Any CPU.ActiveCfg = Release|Any CPU
		{D6D828A9-9819-4CD1-ADE0-E4543D904ACC}.Release|Any CPU.Build.0 = Release|Any CPU
		{D1A654D4-E3CE-4909-82EA-92098EA09873}.Debug|Any CPU.ActiveCfg = Debug|Any CPU
		{D1A654D4-E3CE-4909-82EA-92098EA09873}.Debug|Any CPU.Build.0 = Debug|Any CPU
		{D1A654D4-E3CE-4909-82EA-92098EA09873}.Release|Any CPU.ActiveCfg = Release|Any CPU
		{D1A654D4-E3CE-4909-82EA-92098EA09873}.Release|Any CPU.Build.0 = Release|Any CPU
		{40AD38C7-E4CD-496B-94C2-26190710C4F3}.Debug|Any CPU.ActiveCfg = Debug|Any CPU
		{40AD38C7-E4CD-496B-94C2-26190710C4F3}.Debug|Any CPU.Build.0 = Debug|Any CPU
		{40AD38C7-E4CD-496B-94C2-26190710C4F3}.Release|Any CPU.ActiveCfg = Release|Any CPU
		{40AD38C7-E4CD-496B-94C2-26190710C4F3}.Release|Any CPU.Build.0 = Release|Any CPU
		{664F336C-7998-41DF-BA3F-DEF29DE85740}.Debug|Any CPU.ActiveCfg = Debug|Any CPU
		{664F336C-7998-41DF-BA3F-DEF29DE85740}.Debug|Any CPU.Build.0 = Debug|Any CPU
		{664F336C-7998-41DF-BA3F-DEF29DE85740}.Release|Any CPU.ActiveCfg = Release|Any CPU
		{664F336C-7998-41DF-BA3F-DEF29DE85740}.Release|Any CPU.Build.0 = Release|Any CPU
		{12877158-2DFE-4C43-83FF-5BCE9B918119}.Debug|Any CPU.ActiveCfg = Debug|Any CPU
		{12877158-2DFE-4C43-83FF-5BCE9B918119}.Debug|Any CPU.Build.0 = Debug|Any CPU
		{12877158-2DFE-4C43-83FF-5BCE9B918119}.Release|Any CPU.ActiveCfg = Release|Any CPU
		{12877158-2DFE-4C43-83FF-5BCE9B918119}.Release|Any CPU.Build.0 = Release|Any CPU
		{20387358-5826-43C5-A1C9-7C0D2591A235}.Debug|Any CPU.ActiveCfg = Debug|Any CPU
		{20387358-5826-43C5-A1C9-7C0D2591A235}.Debug|Any CPU.Build.0 = Debug|Any CPU
		{20387358-5826-43C5-A1C9-7C0D2591A235}.Release|Any CPU.ActiveCfg = Release|Any CPU
		{20387358-5826-43C5-A1C9-7C0D2591A235}.Release|Any CPU.Build.0 = Release|Any CPU
		{63AEABB2-1BFD-4C7B-84C4-0D15E186B4B5}.Debug|Any CPU.ActiveCfg = Debug|Any CPU
		{63AEABB2-1BFD-4C7B-84C4-0D15E186B4B5}.Debug|Any CPU.Build.0 = Debug|Any CPU
		{63AEABB2-1BFD-4C7B-84C4-0D15E186B4B5}.Release|Any CPU.ActiveCfg = Release|Any CPU
		{63AEABB2-1BFD-4C7B-84C4-0D15E186B4B5}.Release|Any CPU.Build.0 = Release|Any CPU
		{502AE0D4-99FB-48B4-A8B9-233D2F626D59}.Debug|Any CPU.ActiveCfg = Debug|Any CPU
		{502AE0D4-99FB-48B4-A8B9-233D2F626D59}.Debug|Any CPU.Build.0 = Debug|Any CPU
		{502AE0D4-99FB-48B4-A8B9-233D2F626D59}.Release|Any CPU.ActiveCfg = Release|Any CPU
		{502AE0D4-99FB-48B4-A8B9-233D2F626D59}.Release|Any CPU.Build.0 = Release|Any CPU
		{2491C15F-0813-486D-832B-CCAEFA7F6CA5}.Debug|Any CPU.ActiveCfg = Debug|Any CPU
		{2491C15F-0813-486D-832B-CCAEFA7F6CA5}.Debug|Any CPU.Build.0 = Debug|Any CPU
		{2491C15F-0813-486D-832B-CCAEFA7F6CA5}.Release|Any CPU.ActiveCfg = Release|Any CPU
		{2491C15F-0813-486D-832B-CCAEFA7F6CA5}.Release|Any CPU.Build.0 = Release|Any CPU
	EndGlobalSection
	GlobalSection(SolutionProperties) = preSolution
		HideSolutionNode = FALSE
	EndGlobalSection
	GlobalSection(NestedProjects) = preSolution
		{BD9CAB5D-CB0F-48D1-8C36-B208F38E64AA} = {AE9993CB-9EC2-424A-BE72-C37BC4C5FDF5}
		{D6D828A9-9819-4CD1-ADE0-E4543D904ACC} = {AE9993CB-9EC2-424A-BE72-C37BC4C5FDF5}
		{D1A654D4-E3CE-4909-82EA-92098EA09873} = {BD9CAB5D-CB0F-48D1-8C36-B208F38E64AA}
		{40AD38C7-E4CD-496B-94C2-26190710C4F3} = {BD9CAB5D-CB0F-48D1-8C36-B208F38E64AA}
		{664F336C-7998-41DF-BA3F-DEF29DE85740} = {BD9CAB5D-CB0F-48D1-8C36-B208F38E64AA}
		{12877158-2DFE-4C43-83FF-5BCE9B918119} = {BD9CAB5D-CB0F-48D1-8C36-B208F38E64AA}
		{20387358-5826-43C5-A1C9-7C0D2591A235} = {D79CCBEE-21D2-4F3A-961D-F762E8ACC9D6}
		{63AEABB2-1BFD-4C7B-84C4-0D15E186B4B5} = {D79CCBEE-21D2-4F3A-961D-F762E8ACC9D6}
		{502AE0D4-99FB-48B4-A8B9-233D2F626D59} = {D79CCBEE-21D2-4F3A-961D-F762E8ACC9D6}
		{2491C15F-0813-486D-832B-CCAEFA7F6CA5} = {D79CCBEE-21D2-4F3A-961D-F762E8ACC9D6}
	EndGlobalSection
	GlobalSection(ExtensibilityGlobals) = postSolution
		SolutionGuid = {0DA2BF26-9A27-4144-A691-BD8B8DEF3BBF}
	EndGlobalSection
EndGlobal
